
Microsoft Visual Studio Solution File, Format Version 12.00
# Visual Studio Version 17
VisualStudioVersion = 17.4.33403.182
MinimumVisualStudioVersion = 10.0.40219.1
Project("{FAE04EC0-301F-11D3-BF4B-00C04F79EFBC}") = "mod updater", "mod updater.csproj", "{31B2346C-6856-4336-88F3-FC4041F18CB2}"
EndProject
Global
	GlobalSection(SolutionConfigurationPlatforms) = preSolution
		Debug|Any CPU = Debug|Any CPU
		Release|Any CPU = Release|Any CPU
	EndGlobalSection
	GlobalSection(ProjectConfigurationPlatforms) = postSolution
		{31B2346C-6856-4336-88F3-FC4041F18CB2}.Debug|Any CPU.ActiveCfg = Debug|Any CPU
		{31B2346C-6856-4336-88F3-FC4041F18CB2}.Debug|Any CPU.Build.0 = Debug|Any CPU
		{31B2346C-6856-4336-88F3-FC4041F18CB2}.Release|Any CPU.ActiveCfg = Release|Any CPU
		{31B2346C-6856-4336-88F3-FC4041F18CB2}.Release|Any CPU.Build.0 = Release|Any CPU
	EndGlobalSection
	GlobalSection(SolutionProperties) = preSolution
		HideSolutionNode = FALSE
	EndGlobalSection
	GlobalSection(ExtensibilityGlobals) = postSolution
		SolutionGuid = {83BE601A-B9A7-4A8E-8FC3-38D0E999A937}
	EndGlobalSection
EndGlobal
